
Microsoft Visual Studio Solution File, Format Version 9.00
# Visual Studio 2005
Project("{8BC9CEB8-8B4A-11D0-8D11-00A0C91BC942}") = "wget_sv", "wget_sv.vcproj", "{38BFC7EB-D90D-4245-BF7F-1621DFDAC6C4}"
EndProject
Global
	GlobalSection(SolutionConfigurationPlatforms) = preSolution
		Debug|Win32 = Debug|Win32
		make|Win32 = make|Win32
		Release|Win32 = Release|Win32
	EndGlobalSection
	GlobalSection(ProjectConfigurationPlatforms) = postSolution
		{38BFC7EB-D90D-4245-BF7F-1621DFDAC6C4}.Debug|Win32.ActiveCfg = Debug|Win32
		{38BFC7EB-D90D-4245-BF7F-1621DFDAC6C4}.Debug|Win32.Build.0 = Debug|Win32
		{38BFC7EB-D90D-4245-BF7F-1621DFDAC6C4}.make|Win32.ActiveCfg = make|Win32
		{38BFC7EB-D90D-4245-BF7F-1621DFDAC6C4}.make|Win32.Build.0 = make|Win32
		{38BFC7EB-D90D-4245-BF7F-1621DFDAC6C4}.Release|Win32.ActiveCfg = Release|Win32
		{38BFC7EB-D90D-4245-BF7F-1621DFDAC6C4}.Release|Win32.Build.0 = Release|Win32
	EndGlobalSection
	GlobalSection(SolutionProperties) = preSolution
		HideSolutionNode = FALSE
	EndGlobalSection
EndGlobal
