
Microsoft Visual Studio Solution File, Format Version 9.00
# Visual Studio 2005
Project("{8BC9CEB8-8B4A-11D0-8D11-00A0C91BC942}") = "rcheck", "rcheck.vcproj", "{BECF1047-E9C9-417C-A763-C9BB4E64B874}"
EndProject
Global
	GlobalSection(SolutionConfigurationPlatforms) = preSolution
		Debug|Win32 = Debug|Win32
		Release|Win32 = Release|Win32
	EndGlobalSection
	GlobalSection(ProjectConfigurationPlatforms) = postSolution
		{BECF1047-E9C9-417C-A763-C9BB4E64B874}.Debug|Win32.ActiveCfg = Debug|Win32
		{BECF1047-E9C9-417C-A763-C9BB4E64B874}.Debug|Win32.Build.0 = Debug|Win32
		{BECF1047-E9C9-417C-A763-C9BB4E64B874}.Release|Win32.ActiveCfg = Release|Win32
		{BECF1047-E9C9-417C-A763-C9BB4E64B874}.Release|Win32.Build.0 = Release|Win32
	EndGlobalSection
	GlobalSection(SolutionProperties) = preSolution
		HideSolutionNode = FALSE
	EndGlobalSection
EndGlobal
